{
    "_readme": [
        "This file locks the dependencies of your project to a known state",
        "Read more about it at http://getcomposer.org/doc/01-basic-usage.md#composer-lock-the-lock-file",
        "This file is @generated automatically"
    ],
    "hash": "ed06e218a81800bacb361be30602d7e9",
    "packages": [
        {
            "name": "koala-framework/composer-extra-assets",
            "version": "dev-master",
            "source": {
                "type": "git",
                "url": "https://github.com/koala-framework/composer-extra-assets.git",
                "reference": "b7a97bffbe815f92b1976523abdae836feb45d3e"
            },
            "dist": {
                "type": "zip",
                "url": "https://api.github.com/repos/koala-framework/composer-extra-assets/zipball/b7a97bffbe815f92b1976523abdae836feb45d3e",
                "reference": "b7a97bffbe815f92b1976523abdae836feb45d3e",
                "shasum": ""
            },
            "require": {
                "composer-plugin-api": "1.0.0"
            },
            "type": "composer-plugin",
            "extra": {
                "class": "Kwf\\ComposerExtraAssets\\Plugin",
                "branch-alias": {
                    "dev-master": "1.0-dev"
                }
            },
            "autoload": {
                "psr-4": {
                    "Kwf\\ComposerExtraAssets\\": "Kwf/ComposerExtraAssets"
                }
            },
            "notification-url": "https://packagist.org/downloads/",
            "license": [
                "BSD-2-Clause"
            ],
            "description": "Composer Plugin for installing Assets using native npm/bower",
            "homepage": "https://github.com/koala-framework/composer-extra-assets",
            "time": "2014-12-07 10:39:35"
        },
        {
            "name": "koala-framework/extjs2",
            "version": "v2.3.0-p4",
            "source": {
                "type": "git",
                "url": "https://github.com/koala-framework/extjs2.git",
                "reference": "d0f1352c13cdc09f70b00d63faebc0bf5cd9ca21"
            },
            "dist": {
                "type": "zip",
                "url": "https://api.github.com/repos/koala-framework/extjs2/zipball/d0f1352c13cdc09f70b00d63faebc0bf5cd9ca21",
                "reference": "d0f1352c13cdc09f70b00d63faebc0bf5cd9ca21",
                "shasum": ""
            },
            "type": "library",
            "notification-url": "https://packagist.org/downloads/",
            "license": [
                "GPL"
            ],
            "description": "ExtJS JavaScript Library",
            "homepage": "http://www.sencha.com/products/extjs/",
            "time": "2014-12-06 10:02:52"
        },
        {
            "name": "koala-framework/koala-framework",
            "version": "3.8.x-dev",
            "source": {
                "type": "git",
                "url": "https://github.com/koala-framework/koala-framework.git",
                "reference": "961ba91e9a6be03a3db5ad417de4418a4143193e"
            },
            "dist": {
                "type": "zip",
                "url": "https://api.github.com/repos/koala-framework/koala-framework/zipball/961ba91e9a6be03a3db5ad417de4418a4143193e",
                "reference": "961ba91e9a6be03a3db5ad417de4418a4143193e",
                "shasum": ""
            },
            "require": {
                "koala-framework/composer-extra-assets": "1.0.x-dev",
                "koala-framework/extjs2": "2.3.0.*",
                "koala-framework/kwf-modernizr": "3.8.x-dev",
                "koala-framework/library-css3pie": "1.0.0",
                "koala-framework/library-htmlawed": "1.1.14",
                "koala-framework/library-silkicons": "1.3",
                "koala-framework/library-swfupload": "2.2.0.1",
                "koala-framework/sourcemaps": "0.1.x-dev",
                "koala-framework/zendframework1": "1.12.6",
                "twig/twig": "1.16.1"
            },
            "require-dev": {
                "amazonwebservices/aws-sdk-for-php": "1.5.14",
                "phpunit/phpunit": "3.7.*",
                "phpunit/phpunit-selenium": "*"
            },
            "suggest": {
                "amazonwebservices/aws-sdk-for-php": "Integration with Amazon Web Services",
                "phpoffice/phpexcel": "Allows exporting as XLS in AutoGrid",
                "reprovinci/solr-php-client": "Integration with Solr",
                "tecnick.com/tcpdf": "Allows generating pdfs from components"
            },
            "type": "library",
            "extra": {
                "require-bower": {
                    "jquery": "1.11.1",
                    "jquery.transit": "0.9.9",
                    "jquery.easing": "1.3.0",
                    "underscore": "1.7.0",
                    "susy": "vivid-planet/susy#8161395e8ad5d75a0a15a0355feb9853ebaad369",
                    "compass-mixins": "1.0.2",
                    "tinymce": "tinymce/tinymce#3.5.8"
                },
                "require-npm": {
                    "uglify-js": "2.4.13",
                    "node-sass": "1.2.3"
                },
                "require-dev-bower": {
                    "qunit": "1.14.0",
                    "qunit-phantomjs-runner": "vivid-planet/qunit-phantomjs-runner#e96347ee33b773160cf061d7b1b5c4ad3d1d9082"
                }
            },
            "autoload": {
                "psr-0": {
                    "Kwf_": "",
                    "Kwc_": ""
                }
            },
            "notification-url": "https://packagist.org/downloads/",
            "license": [
                "BSD-2-Clause"
            ],
            "description": "Framework and CMS based on Zend Framework and ExtJS",
            "homepage": "http://www.koala-framework.org/",
            "time": "2014-12-07 11:31:36"
        },
        {
            "name": "koala-framework/kwf-modernizr",
            "version": "3.8.x-dev",
            "source": {
                "type": "git",
                "url": "https://github.com/koala-framework/kwf-modernizr.git",
                "reference": "0e62ee2164f14b2262af4a7e443c11fcb4e8d5ba"
            },
            "dist": {
                "type": "zip",
                "url": "https://api.github.com/repos/koala-framework/kwf-modernizr/zipball/0e62ee2164f14b2262af4a7e443c11fcb4e8d5ba",
                "reference": "0e62ee2164f14b2262af4a7e443c11fcb4e8d5ba",
                "shasum": ""
            },
            "require-dev": {
                "koala-framework/koala-framework": "3.8.x-dev",
                "phpunit/phpunit": "3.7.*"
            },
            "type": "library",
            "extra": {
                "require-npm": {
                    "grunt": "0.4.*",
                    "grunt-cli": "0.1.*",
                    "grunt-modernizr": "0.5.2"
                }
            },
            "autoload": {
                "psr-0": {
                    "Kwf_Modernizr_": ""
                }
            },
            "notification-url": "https://packagist.org/downloads/",
            "license": [
                "BSD-2-Clause"
            ],
            "description": "Modernizr Integration for Koala Framework",
            "homepage": "http://www.koala-framework.org/",
            "time": "2014-11-25 17:01:59"
        },
        {
            "name": "koala-framework/library-css3pie",
            "version": "v1.0.0",
            "source": {
                "type": "git",
                "url": "https://github.com/koala-framework/library-css3pie.git",
                "reference": "b2a7b69fa381065f4d1b90d03620c05bc5b4670f"
            },
            "dist": {
                "type": "zip",
                "url": "https://api.github.com/repos/koala-framework/library-css3pie/zipball/b2a7b69fa381065f4d1b90d03620c05bc5b4670f",
                "reference": "b2a7b69fa381065f4d1b90d03620c05bc5b4670f",
                "shasum": ""
            },
            "type": "library",
            "notification-url": "https://packagist.org/downloads/",
            "license": [
                "Apache-2.0"
            ],
            "description": "CCSS3 PIE JavaScript Library",
            "homepage": "http://css3pie.com/",
            "time": "2014-06-03 18:55:48"
        },
        {
            "name": "koala-framework/library-htmlawed",
            "version": "v1.1.14",
            "source": {
                "type": "git",
                "url": "https://github.com/koala-framework/library-htmlawed.git",
                "reference": "bc23ceaea4bc740a5a9e47c982cb054546baa2c3"
            },
            "dist": {
                "type": "zip",
                "url": "https://api.github.com/repos/koala-framework/library-htmlawed/zipball/bc23ceaea4bc740a5a9e47c982cb054546baa2c3",
                "reference": "bc23ceaea4bc740a5a9e47c982cb054546baa2c3",
                "shasum": ""
            },
            "type": "library",
            "notification-url": "https://packagist.org/downloads/",
            "license": [
                "LGPL-3.0"
            ],
            "description": "Htmlawed library",
            "homepage": "http://www.bioinformatics.org/phplabware/internal_utilities/htmLawed/",
            "time": "2014-06-02 06:11:36"
        },
        {
            "name": "koala-framework/library-silkicons",
            "version": "v1.3",
            "source": {
                "type": "git",
                "url": "https://github.com/koala-framework/library-silkicons.git",
                "reference": "f7fee072786fc330bdbaf69d2fbf036f39eb53fa"
            },
            "dist": {
                "type": "zip",
                "url": "https://api.github.com/repos/koala-framework/library-silkicons/zipball/f7fee072786fc330bdbaf69d2fbf036f39eb53fa",
                "reference": "f7fee072786fc330bdbaf69d2fbf036f39eb53fa",
                "shasum": ""
            },
            "type": "library",
            "notification-url": "https://packagist.org/downloads/",
            "license": [
                "Creative Commons Attribution 2.5 License"
            ],
            "authors": [
                {
                    "name": "Mark James",
                    "homepage": "http://www.famfamfam.com/"
                }
            ],
            "description": "This is the Famfamfam silk icon set, wrapped into an easy to use PHP composer package.",
            "homepage": "http://www.famfamfam.com/",
            "keywords": [
                "famfamfam",
                "icons",
                "silk"
            ],
            "time": "2014-05-23 13:40:04"
        },
        {
            "name": "koala-framework/library-swfobject",
            "version": "v2.2",
            "source": {
                "type": "git",
                "url": "https://github.com/koala-framework/library-swfobject.git",
                "reference": "c926af6c1b7448aa48724891c57ef62206a67e45"
            },
            "dist": {
                "type": "zip",
                "url": "https://api.github.com/repos/koala-framework/library-swfobject/zipball/c926af6c1b7448aa48724891c57ef62206a67e45",
                "reference": "c926af6c1b7448aa48724891c57ef62206a67e45",
                "shasum": ""
            },
            "type": "library",
            "notification-url": "https://packagist.org/downloads/",
            "license": [
                "MIT"
            ],
            "description": "SWFObject JavaScript Library",
            "homepage": "https://github.com/swfobject/swfobject",
            "time": "2014-05-23 13:40:50"
        },
        {
            "name": "koala-framework/library-swfupload",
            "version": "v2.2.0.1",
            "source": {
                "type": "git",
                "url": "https://github.com/koala-framework/library-swfupload.git",
                "reference": "7eb7c5c2a7a0d7144c2acd35131367c8fcb6683c"
            },
            "dist": {
                "type": "zip",
                "url": "https://api.github.com/repos/koala-framework/library-swfupload/zipball/7eb7c5c2a7a0d7144c2acd35131367c8fcb6683c",
                "reference": "7eb7c5c2a7a0d7144c2acd35131367c8fcb6683c",
                "shasum": ""
            },
            "require": {
                "koala-framework/library-swfobject": "2.2"
            },
            "type": "library",
            "notification-url": "https://packagist.org/downloads/",
            "license": [
                "MIT"
            ],
            "description": "SWFUpload JavaScript Library",
            "homepage": "http://code.google.com/p/swfupload/",
            "time": "2014-06-02 08:22:41"
        },
        {
            "name": "koala-framework/sourcemaps",
            "version": "dev-master",
            "source": {
                "type": "git",
                "url": "https://github.com/koala-framework/sourcemaps.git",
                "reference": "d9862cd498b199d92531ec25506f37fbe9b97dc5"
            },
            "dist": {
                "type": "zip",
                "url": "https://api.github.com/repos/koala-framework/sourcemaps/zipball/d9862cd498b199d92531ec25506f37fbe9b97dc5",
                "reference": "d9862cd498b199d92531ec25506f37fbe9b97dc5",
                "shasum": ""
            },
            "require-dev": {
                "phpunit/phpunit": "3.7.*"
            },
            "type": "library",
            "extra": {
                "branch-alias": {
                    "dev-master": "0.1-dev"
                }
            },
            "autoload": {
                "psr-0": {
                    "Kwf_SourceMaps_": ""
                }
            },
            "notification-url": "https://packagist.org/downloads/",
            "license": [
                "BSD-2-Clause"
            ],
            "description": "Sourcemaps Utities",
            "homepage": "http://www.koala-framework.org/",
            "time": "2014-11-25 16:06:57"
        },
        {
            "name": "koala-framework/zendframework1",
            "version": "v1.12.6",
            "source": {
                "type": "git",
                "url": "https://github.com/koala-framework/zendframework1.git",
                "reference": "40d972455b35fedc2c952b3f4ec82357db9cae74"
            },
            "dist": {
                "type": "zip",
                "url": "https://api.github.com/repos/koala-framework/zendframework1/zipball/40d972455b35fedc2c952b3f4ec82357db9cae74",
                "reference": "40d972455b35fedc2c952b3f4ec82357db9cae74",
                "shasum": ""
            },
            "require": {
                "php": ">=5.2.11"
            },
            "type": "library",
            "extra": {
                "branch-alias": {
                    "dev-master": "1.12.x-dev"
                }
            },
            "autoload": {
                "psr-0": {
                    "Zend_": "library/"
                }
            },
            "notification-url": "https://packagist.org/downloads/",
            "include-path": [
                "library/"
            ],
            "license": [
                "BSD-3-Clause"
            ],
            "description": "Zend Framework 1",
            "homepage": "http://framework.zend.com/",
            "keywords": [
                "ZF1",
                "framework"
            ],
            "time": "2014-08-04 15:45:29"
        },
        {
            "name": "twig/twig",
            "version": "v1.16.1",
            "source": {
                "type": "git",
                "url": "https://github.com/twigphp/Twig.git",
                "reference": "7c4c01dcf578523cfcddf383641a4f12790270ec"
            },
            "dist": {
                "type": "zip",
                "url": "https://api.github.com/repos/twigphp/Twig/zipball/7c4c01dcf578523cfcddf383641a4f12790270ec",
                "reference": "7c4c01dcf578523cfcddf383641a4f12790270ec",
                "shasum": ""
            },
            "require": {
                "php": ">=5.2.4"
            },
            "type": "library",
            "extra": {
                "branch-alias": {
                    "dev-master": "1.16-dev"
                }
            },
            "autoload": {
                "psr-0": {
                    "Twig_": "lib/"
                }
            },
            "notification-url": "https://packagist.org/downloads/",
            "license": [
                "BSD-3-Clause"
            ],
            "authors": [
                {
                    "name": "Fabien Potencier",
                    "email": "fabien@symfony.com",
                    "homepage": "http://fabien.potencier.org",
                    "role": "Lead Developer"
                },
                {
                    "name": "Armin Ronacher",
                    "email": "armin.ronacher@active-4.com",
                    "role": "Project Founder"
                },
                {
                    "name": "Twig Team",
                    "homepage": "https://github.com/fabpot/Twig/graphs/contributors",
                    "role": "Contributors"
                }
            ],
            "description": "Twig, the flexible, fast, and secure template language for PHP",
            "homepage": "http://twig.sensiolabs.org",
            "keywords": [
                "templating"
            ],
            "time": "2014-10-10 14:09:53"
        }
    ],
    "packages-dev": [],
    "aliases": [],
    "minimum-stability": "dev",
    "stability-flags": {
        "koala-framework/koala-framework": 20
    },
    "prefer-stable": true,
    "platform": [],
    "platform-dev": []
}
