{
    "_readme": [
        "This file locks the dependencies of your project to a known state",
        "Read more about it at http://getcomposer.org/doc/01-basic-usage.md#composer-lock-the-lock-file",
        "This file is @generated automatically"
    ],
    "hash": "906bc979bf67995b3efc7016df52e3da",
    "packages": [
        {
            "name": "koala-framework/composer-extra-assets",
            "version": "v1.0.0",
            "source": {
                "type": "git",
                "url": "https://github.com/koala-framework/composer-extra-assets.git",
                "reference": "f662a64cabf23d66caee90d53862cc8a44397e29"
            },
            "dist": {
                "type": "zip",
                "url": "https://api.github.com/repos/koala-framework/composer-extra-assets/zipball/f662a64cabf23d66caee90d53862cc8a44397e29",
                "reference": "f662a64cabf23d66caee90d53862cc8a44397e29",
                "shasum": ""
            },
            "require": {
                "composer-plugin-api": "1.0.0"
            },
            "type": "composer-plugin",
            "extra": {
                "class": "Kwf\\ComposerExtraAssets\\Plugin",
                "branch-alias": {
                    "dev-master": "1.0-dev"
                },
                "require-npm": {
                    "bower": "*"
                }
            },
            "autoload": {
                "psr-4": {
                    "Kwf\\ComposerExtraAssets\\": "Kwf/ComposerExtraAssets"
                }
            },
            "notification-url": "https://packagist.org/downloads/",
            "license": [
                "BSD-2-Clause"
            ],
            "description": "Composer Plugin for installing Assets using native npm/bower",
            "homepage": "https://github.com/koala-framework/composer-extra-assets",
            "time": "2014-09-14 20:26:30"
        },
        {
            "name": "koala-framework/extjs2",
            "version": "v2.3.0-p3",
            "source": {
                "type": "git",
                "url": "https://github.com/koala-framework/extjs2.git",
                "reference": "2055f6af9a9a238142e9e468a4510a271ee61be8"
            },
            "dist": {
                "type": "zip",
                "url": "https://api.github.com/repos/koala-framework/extjs2/zipball/2055f6af9a9a238142e9e468a4510a271ee61be8",
                "reference": "2055f6af9a9a238142e9e468a4510a271ee61be8",
                "shasum": ""
            },
            "type": "library",
            "notification-url": "https://packagist.org/downloads/",
            "license": [
                "GPL"
            ],
            "description": "ExtJS JavaScript Library",
            "homepage": "http://www.sencha.com/products/extjs/",
            "time": "2014-10-23 12:19:31"
        },
        {
            "name": "koala-framework/koala-framework",
            "version": "3.8.x-dev",
            "source": {
                "type": "git",
                "url": "https://github.com/koala-framework/koala-framework.git",
                "reference": "cf0979a684d9e0ab3584a243097e1b18b8e93d01"
            },
            "dist": {
                "type": "zip",
                "url": "https://api.github.com/repos/koala-framework/koala-framework/zipball/cf0979a684d9e0ab3584a243097e1b18b8e93d01",
                "reference": "cf0979a684d9e0ab3584a243097e1b18b8e93d01",
                "shasum": ""
            },
            "require": {
                "koala-framework/composer-extra-assets": "1.0.0",
                "koala-framework/extjs2": "2.3.0.*",
                "koala-framework/kwf-modernizr": "3.8.x-dev",
                "koala-framework/library-css3pie": "1.0.0",
                "koala-framework/library-htmlawed": "1.1.14",
                "koala-framework/library-silkicons": "1.3",
                "koala-framework/library-swfupload": "2.2.0.1",
                "koala-framework/sourcemaps": "0.1.x-dev",
                "koala-framework/zendframework1": "1.12.6",
                "twig/twig": "1.16.1"
            },
            "require-dev": {
                "amazonwebservices/aws-sdk-for-php": "1.5.14",
                "phpunit/phpunit": "3.7.*",
                "phpunit/phpunit-selenium": "*"
            },
            "suggest": {
                "amazonwebservices/aws-sdk-for-php": "Integration with Amazon Web Services",
                "phpoffice/phpexcel": "Allows exporting as XLS in AutoGrid",
                "reprovinci/solr-php-client": "Integration with Solr",
                "tecnick.com/tcpdf": "Allows generating pdfs from components"
            },
            "type": "library",
            "extra": {
                "require-bower": {
                    "jquery": "1.11.1",
                    "jquery.transit": "0.9.9",
                    "jquery.easing": "1.3.0",
                    "underscore": "1.7.0",
                    "susy": "vivid-planet/susy#8161395e8ad5d75a0a15a0355feb9853ebaad369",
                    "compass-mixins": "1.0.2",
                    "tinymce": "tinymce/tinymce#3.5.8"
                },
                "require-npm": {
                    "uglify-js": "2.4.13",
                    "node-sass": "vivid-planet/node-sass#8d6ae01363bcfb46393977417d2a78599db768c8"
                },
                "require-dev-bower": {
                    "qunit": "1.14.0",
                    "qunit-phantomjs-runner": "jonkemp/qunit-phantomjs-runner#1.2.0"
                }
            },
            "autoload": {
                "psr-0": {
                    "Kwf_": "",
                    "Kwc_": ""
                }
            },
            "notification-url": "https://packagist.org/downloads/",
            "license": [
                "BSD-2-Clause"
            ],
            "description": "Framework and CMS based on Zend Framework and ExtJS",
            "homepage": "http://www.koala-framework.org/",
            "time": "2014-11-18 07:56:14"
        },
        {
            "name": "koala-framework/kwf-deftjs",
            "version": "dev-ext5",
            "source": {
                "type": "git",
                "url": "https://github.com/koala-framework/kwf-deftjs.git",
                "reference": "d4668fa66c440c4591b09b1192ff9b78fcb61a62"
            },
            "dist": {
                "type": "zip",
                "url": "https://api.github.com/repos/koala-framework/kwf-deftjs/zipball/d4668fa66c440c4591b09b1192ff9b78fcb61a62",
                "reference": "d4668fa66c440c4591b09b1192ff9b78fcb61a62",
                "shasum": ""
            },
            "require": {
                "koala-framework/koala-framework": "3.8.x-dev"
            },
            "type": "library",
            "extra": {
                "require-bower": {
                    "deftjs": "deftjs/DeftJS5#develop"
                },
                "require-npm": {
                    "coffee-script": "1.7.1"
                }
            },
            "autoload": {
                "psr-0": {
                    "Kwf_DeftJS_": ""
                }
            },
            "notification-url": "https://packagist.org/downloads/",
            "license": [
                "BSD-2-Clause"
            ],
            "description": "DeftJS Integration for Koala Framework",
            "homepage": "http://www.koala-framework.org/",
            "time": "2014-11-12 14:27:02"
        },
        {
            "name": "koala-framework/kwf-densajs",
            "version": "dev-ext5",
            "source": {
                "type": "git",
                "url": "https://github.com/koala-framework/kwf-densajs.git",
                "reference": "5d6e56fef381332d8a7b639fe198f32370d3cda1"
            },
            "dist": {
                "type": "zip",
                "url": "https://api.github.com/repos/koala-framework/kwf-densajs/zipball/5d6e56fef381332d8a7b639fe198f32370d3cda1",
                "reference": "5d6e56fef381332d8a7b639fe198f32370d3cda1",
                "shasum": ""
            },
            "require": {
                "koala-framework/koala-framework": "3.8.x-dev",
                "koala-framework/kwf-deftjs": "dev-ext5",
                "koala-framework/kwf-extjs": "dev-ext5"
            },
            "type": "library",
            "extra": {
                "require-bower": {
                    "densajs": "ext5"
                }
            },
            "autoload": {
                "psr-0": {
                    "Kwf_Densa_": ""
                }
            },
            "notification-url": "https://packagist.org/downloads/",
            "license": [
                "BSD-2-Clause"
            ],
            "description": "DensaJS Integration for Koala Framework",
            "homepage": "http://www.koala-framework.org/",
            "time": "2014-11-12 14:26:13"
        },
        {
            "name": "koala-framework/kwf-extjs",
            "version": "dev-ext5",
            "source": {
                "type": "git",
                "url": "https://github.com/koala-framework/kwf-extjs.git",
                "reference": "22fecdd9dc8b8f400fd381781f97ca7a691372b0"
            },
            "dist": {
                "type": "zip",
                "url": "https://api.github.com/repos/koala-framework/kwf-extjs/zipball/22fecdd9dc8b8f400fd381781f97ca7a691372b0",
                "reference": "22fecdd9dc8b8f400fd381781f97ca7a691372b0",
                "shasum": ""
            },
            "require": {
                "koala-framework/koala-framework": "3.8.x-dev"
            },
            "require-dev": {
                "phpunit/phpunit": "3.7.*"
            },
            "type": "library",
            "extra": {
                "require-bower": {
                    "extjs": "5.0.1-1255"
                },
                "require-dev-bower": {
                    "qunit": "1.14.0",
                    "qunit-phantomjs-runner": "jonkemp/qunit-phantomjs-runner#1.2.0"
                }
            },
            "autoload": {
                "psr-0": {
                    "Kwf_Ext_": ""
                }
            },
            "notification-url": "https://packagist.org/downloads/",
            "license": [
                "BSD-2-Clause"
            ],
            "description": "ExtJS Integration for Koala Framework",
            "homepage": "http://www.koala-framework.org/",
            "time": "2014-11-12 14:31:23"
        },
        {
            "name": "koala-framework/kwf-modernizr",
            "version": "3.8.x-dev",
            "source": {
                "type": "git",
                "url": "https://github.com/koala-framework/kwf-modernizr.git",
                "reference": "4936f95e118011878f7be4eda95a79f0fd40e871"
            },
            "dist": {
                "type": "zip",
                "url": "https://api.github.com/repos/koala-framework/kwf-modernizr/zipball/4936f95e118011878f7be4eda95a79f0fd40e871",
                "reference": "4936f95e118011878f7be4eda95a79f0fd40e871",
                "shasum": ""
            },
            "require": {
                "koala-framework/composer-extra-assets": "1.0.0"
            },
            "require-dev": {
                "koala-framework/koala-framework": "3.8.x-dev",
                "phpunit/phpunit": "3.7.*"
            },
            "type": "library",
            "extra": {
                "require-npm": {
                    "grunt": "0.4.*",
                    "grunt-cli": "0.1.*",
                    "grunt-modernizr": "0.5.2"
                }
            },
            "autoload": {
                "psr-0": {
                    "Kwf_Modernizr_": ""
                }
            },
            "notification-url": "https://packagist.org/downloads/",
            "license": [
                "BSD-2-Clause"
            ],
            "description": "Modernizr Integration for Koala Framework",
            "homepage": "http://www.koala-framework.org/",
            "time": "2014-10-22 08:07:18"
        },
        {
            "name": "koala-framework/library-css3pie",
            "version": "v1.0.0",
            "source": {
                "type": "git",
                "url": "https://github.com/koala-framework/library-css3pie.git",
                "reference": "b2a7b69fa381065f4d1b90d03620c05bc5b4670f"
            },
            "dist": {
                "type": "zip",
                "url": "https://api.github.com/repos/koala-framework/library-css3pie/zipball/b2a7b69fa381065f4d1b90d03620c05bc5b4670f",
                "reference": "b2a7b69fa381065f4d1b90d03620c05bc5b4670f",
                "shasum": ""
            },
            "type": "library",
            "notification-url": "https://packagist.org/downloads/",
            "license": [
                "Apache-2.0"
            ],
            "description": "CCSS3 PIE JavaScript Library",
            "homepage": "http://css3pie.com/",
            "time": "2014-06-03 18:55:48"
        },
        {
            "name": "koala-framework/library-htmlawed",
            "version": "v1.1.14",
            "source": {
                "type": "git",
                "url": "https://github.com/koala-framework/library-htmlawed.git",
                "reference": "bc23ceaea4bc740a5a9e47c982cb054546baa2c3"
            },
            "dist": {
                "type": "zip",
                "url": "https://api.github.com/repos/koala-framework/library-htmlawed/zipball/bc23ceaea4bc740a5a9e47c982cb054546baa2c3",
                "reference": "bc23ceaea4bc740a5a9e47c982cb054546baa2c3",
                "shasum": ""
            },
            "type": "library",
            "notification-url": "https://packagist.org/downloads/",
            "license": [
                "LGPL-3.0"
            ],
            "description": "Htmlawed library",
            "homepage": "http://www.bioinformatics.org/phplabware/internal_utilities/htmLawed/",
            "time": "2014-06-02 06:11:36"
        },
        {
            "name": "koala-framework/library-silkicons",
            "version": "v1.3",
            "source": {
                "type": "git",
                "url": "https://github.com/koala-framework/library-silkicons.git",
                "reference": "f7fee072786fc330bdbaf69d2fbf036f39eb53fa"
            },
            "dist": {
                "type": "zip",
                "url": "https://api.github.com/repos/koala-framework/library-silkicons/zipball/f7fee072786fc330bdbaf69d2fbf036f39eb53fa",
                "reference": "f7fee072786fc330bdbaf69d2fbf036f39eb53fa",
                "shasum": ""
            },
            "type": "library",
            "notification-url": "https://packagist.org/downloads/",
            "license": [
                "Creative Commons Attribution 2.5 License"
            ],
            "authors": [
                {
                    "name": "Mark James",
                    "homepage": "http://www.famfamfam.com/"
                }
            ],
            "description": "This is the Famfamfam silk icon set, wrapped into an easy to use PHP composer package.",
            "homepage": "http://www.famfamfam.com/",
            "keywords": [
                "famfamfam",
                "icons",
                "silk"
            ],
            "time": "2014-05-23 13:40:04"
        },
        {
            "name": "koala-framework/library-swfobject",
            "version": "v2.2",
            "source": {
                "type": "git",
                "url": "https://github.com/koala-framework/library-swfobject.git",
                "reference": "c926af6c1b7448aa48724891c57ef62206a67e45"
            },
            "dist": {
                "type": "zip",
                "url": "https://api.github.com/repos/koala-framework/library-swfobject/zipball/c926af6c1b7448aa48724891c57ef62206a67e45",
                "reference": "c926af6c1b7448aa48724891c57ef62206a67e45",
                "shasum": ""
            },
            "type": "library",
            "notification-url": "https://packagist.org/downloads/",
            "license": [
                "MIT"
            ],
            "description": "SWFObject JavaScript Library",
            "homepage": "https://github.com/swfobject/swfobject",
            "time": "2014-05-23 13:40:50"
        },
        {
            "name": "koala-framework/library-swfupload",
            "version": "v2.2.0.1",
            "source": {
                "type": "git",
                "url": "https://github.com/koala-framework/library-swfupload.git",
                "reference": "7eb7c5c2a7a0d7144c2acd35131367c8fcb6683c"
            },
            "dist": {
                "type": "zip",
                "url": "https://api.github.com/repos/koala-framework/library-swfupload/zipball/7eb7c5c2a7a0d7144c2acd35131367c8fcb6683c",
                "reference": "7eb7c5c2a7a0d7144c2acd35131367c8fcb6683c",
                "shasum": ""
            },
            "require": {
                "koala-framework/library-swfobject": "2.2"
            },
            "type": "library",
            "notification-url": "https://packagist.org/downloads/",
            "license": [
                "MIT"
            ],
            "description": "SWFUpload JavaScript Library",
            "homepage": "http://code.google.com/p/swfupload/",
            "time": "2014-06-02 08:22:41"
        },
        {
            "name": "koala-framework/sourcemaps",
            "version": "0.1.x-dev",
            "source": {
                "type": "git",
                "url": "https://github.com/koala-framework/sourcemaps.git",
                "reference": "e3648f20de26a3712f74950dfb6529aec8c969e3"
            },
            "dist": {
                "type": "zip",
                "url": "https://api.github.com/repos/koala-framework/sourcemaps/zipball/e3648f20de26a3712f74950dfb6529aec8c969e3",
                "reference": "e3648f20de26a3712f74950dfb6529aec8c969e3",
                "shasum": ""
            },
            "require-dev": {
                "phpunit/phpunit": "3.7.*"
            },
            "type": "library",
            "autoload": {
                "psr-0": {
                    "Kwf_SourceMaps_": ""
                }
            },
            "notification-url": "https://packagist.org/downloads/",
            "license": [
                "BSD-2-Clause"
            ],
            "description": "Sourcemaps Utities",
            "homepage": "http://www.koala-framework.org/",
            "time": "2014-11-17 16:41:34"
        },
        {
            "name": "koala-framework/zendframework1",
            "version": "v1.12.6",
            "source": {
                "type": "git",
                "url": "https://github.com/koala-framework/zendframework1.git",
                "reference": "40d972455b35fedc2c952b3f4ec82357db9cae74"
            },
            "dist": {
                "type": "zip",
                "url": "https://api.github.com/repos/koala-framework/zendframework1/zipball/40d972455b35fedc2c952b3f4ec82357db9cae74",
                "reference": "40d972455b35fedc2c952b3f4ec82357db9cae74",
                "shasum": ""
            },
            "require": {
                "php": ">=5.2.11"
            },
            "type": "library",
            "extra": {
                "branch-alias": {
                    "dev-master": "1.12.x-dev"
                }
            },
            "autoload": {
                "psr-0": {
                    "Zend_": "library/"
                }
            },
            "notification-url": "https://packagist.org/downloads/",
            "include-path": [
                "library/"
            ],
            "license": [
                "BSD-3-Clause"
            ],
            "description": "Zend Framework 1",
            "homepage": "http://framework.zend.com/",
            "keywords": [
                "ZF1",
                "framework"
            ],
            "time": "2014-08-04 15:45:29"
        },
        {
            "name": "twig/twig",
            "version": "v1.16.1",
            "source": {
                "type": "git",
                "url": "https://github.com/twigphp/Twig.git",
                "reference": "7c4c01dcf578523cfcddf383641a4f12790270ec"
            },
            "dist": {
                "type": "zip",
                "url": "https://api.github.com/repos/twigphp/Twig/zipball/7c4c01dcf578523cfcddf383641a4f12790270ec",
                "reference": "7c4c01dcf578523cfcddf383641a4f12790270ec",
                "shasum": ""
            },
            "require": {
                "php": ">=5.2.4"
            },
            "type": "library",
            "extra": {
                "branch-alias": {
                    "dev-master": "1.16-dev"
                }
            },
            "autoload": {
                "psr-0": {
                    "Twig_": "lib/"
                }
            },
            "notification-url": "https://packagist.org/downloads/",
            "license": [
                "BSD-3-Clause"
            ],
            "authors": [
                {
                    "name": "Fabien Potencier",
                    "email": "fabien@symfony.com",
                    "homepage": "http://fabien.potencier.org",
                    "role": "Lead Developer"
                },
                {
                    "name": "Armin Ronacher",
                    "email": "armin.ronacher@active-4.com",
                    "role": "Project Founder"
                },
                {
                    "name": "Twig Team",
                    "homepage": "https://github.com/fabpot/Twig/graphs/contributors",
                    "role": "Contributors"
                }
            ],
            "description": "Twig, the flexible, fast, and secure template language for PHP",
            "homepage": "http://twig.sensiolabs.org",
            "keywords": [
                "templating"
            ],
            "time": "2014-10-10 14:09:53"
        }
    ],
    "packages-dev": [],
    "aliases": [],
    "minimum-stability": "dev",
    "stability-flags": {
        "koala-framework/koala-framework": 20,
        "koala-framework/kwf-densajs": 20,
        "koala-framework/kwf-extjs": 20,
        "koala-framework/kwf-deftjs": 20
    },
    "prefer-stable": true,
    "platform": [],
    "platform-dev": []
}
