{
    "_readme": [
        "This file locks the dependencies of your project to a known state",
        "Read more about it at http://getcomposer.org/doc/01-basic-usage.md#composer-lock-the-lock-file",
        "This file is @generated automatically"
    ],
    "hash": "942d204bd9e311d66b297b05f61a59d2",
    "packages": [
        {
            "name": "koala-framework/composer-extra-assets",
            "version": "dev-master",
            "source": {
                "type": "git",
                "url": "https://github.com/koala-framework/composer-extra-assets.git",
                "reference": "26fdfda54f76fd22f5bacdcefebbc0d274a3dd3a"
            },
            "dist": {
                "type": "zip",
                "url": "https://api.github.com/repos/koala-framework/composer-extra-assets/zipball/26fdfda54f76fd22f5bacdcefebbc0d274a3dd3a",
                "reference": "26fdfda54f76fd22f5bacdcefebbc0d274a3dd3a",
                "shasum": ""
            },
            "require": {
                "composer-plugin-api": "1.0.0"
            },
            "type": "composer-plugin",
            "extra": {
                "class": "Kwf\\ComposerExtraAssets\\Plugin",
                "branch-alias": {
                    "dev-master": "1.0-dev"
                },
                "require-npm": {
                    "bower": "*"
                }
            },
            "autoload": {
                "psr-4": {
                    "Kwf\\ComposerExtraAssets\\": "Kwf/ComposerExtraAssets"
                }
            },
            "notification-url": "https://packagist.org/downloads/",
            "license": [
                "BSD-2-Clause"
            ],
            "description": "Composer Plugin for installing Assets using native npm/bower",
            "homepage": "https://github.com/koala-framework/composer-extra-assets",
            "time": "2014-08-06 06:26:57"
        },
        {
            "name": "koala-framework/densajs",
            "version": "dev-master",
            "source": {
                "type": "git",
                "url": "https://github.com/koala-framework/densajs.git",
                "reference": "a1a3b0dae748cecbb1b67229c931c52d62eff878"
            },
            "dist": {
                "type": "zip",
                "url": "https://api.github.com/repos/koala-framework/densajs/zipball/a1a3b0dae748cecbb1b67229c931c52d62eff878",
                "reference": "a1a3b0dae748cecbb1b67229c931c52d62eff878",
                "shasum": ""
            },
            "require": {
                "koala-framework/library-deftjs": "0.9.*",
                "koala-framework/library-extjs": "4.2.*"
            },
            "type": "library",
            "notification-url": "https://packagist.org/downloads/",
            "license": [
                "BSD-2-Clause"
            ],
            "description": "DensaJS ExtJS Addons",
            "homepage": "http://www.koala-framework.org/",
            "time": "2014-08-05 09:04:23"
        },
        {
            "name": "koala-framework/extjs2",
            "version": "v2.3.0-p2",
            "source": {
                "type": "git",
                "url": "https://github.com/koala-framework/extjs2.git",
                "reference": "ec2d4b15b46b60436312437493df50355f892ac7"
            },
            "dist": {
                "type": "zip",
                "url": "https://api.github.com/repos/koala-framework/extjs2/zipball/ec2d4b15b46b60436312437493df50355f892ac7",
                "reference": "ec2d4b15b46b60436312437493df50355f892ac7",
                "shasum": ""
            },
            "type": "library",
            "notification-url": "https://packagist.org/downloads/",
            "license": [
                "GPL"
            ],
            "description": "ExtJS JavaScript Library",
            "homepage": "http://www.sencha.com/products/extjs/",
            "time": "2014-08-04 16:04:16"
        },
        {
            "name": "koala-framework/koala-framework",
            "version": "dev-master",
            "source": {
                "type": "git",
                "url": "https://github.com/koala-framework/koala-framework.git",
                "reference": "dfdfb9e040d0325075145af76d8e02be457f2731"
            },
            "dist": {
                "type": "zip",
                "url": "https://api.github.com/repos/koala-framework/koala-framework/zipball/dfdfb9e040d0325075145af76d8e02be457f2731",
                "reference": "dfdfb9e040d0325075145af76d8e02be457f2731",
                "shasum": ""
            },
            "require": {
                "koala-framework/composer-extra-assets": "dev-master",
                "koala-framework/extjs2": "2.3.0.*",
                "koala-framework/kwf-modernizr": "dev-master",
                "koala-framework/library-css3pie": "1.0.0",
                "koala-framework/library-htmlawed": "1.1.14",
                "koala-framework/library-silkicons": "1.3",
                "koala-framework/library-swfupload": "2.2.0.1",
                "koala-framework/zendframework1": "1.12.6"
            },
            "require-dev": {
                "amazonwebservices/aws-sdk-for-php": "1.5.14",
                "phpunit/phpunit": "3.7.*",
                "phpunit/phpunit-selenium": "*"
            },
            "suggest": {
                "amazonwebservices/aws-sdk-for-php": "Integration with Amazon Web Services",
                "phpoffice/phpexcel": "Allows exporting as XLS in AutoGrid",
                "reprovinci/solr-php-client": "Integration with Solr",
                "tecnick.com/tcpdf": "Allows generating pdfs from components"
            },
            "type": "library",
            "extra": {
                "require-bower": {
                    "jquery": "1.11.1",
                    "jquery.transit": "0.9.9",
                    "jquery.easing": "1.3.0",
                    "mustache.js": "0.8.2",
                    "susy": "1.0.9",
                    "compass-mixins": "1.0.0",
                    "tinymce": "tinymce/tinymce#3.5.8"
                },
                "require-npm": {
                    "uglify-js": "2.4.13"
                },
                "require-dev-bower": {
                    "qunit": "1.14.0",
                    "qunit-phantomjs-runner": "jonkemp/qunit-phantomjs-runner#1.2.0"
                }
            },
            "autoload": {
                "psr-0": {
                    "Kwf_": "",
                    "Kwc_": ""
                }
            },
            "notification-url": "https://packagist.org/downloads/",
            "license": [
                "BSD-2-Clause"
            ],
            "description": "Framework and CMS based on Zend Framework and ExtJS",
            "homepage": "http://www.koala-framework.org/",
            "time": "2014-08-07 10:45:29"
        },
        {
            "name": "koala-framework/kwf-deftjs",
            "version": "dev-master",
            "source": {
                "type": "git",
                "url": "https://github.com/koala-framework/kwf-deftjs.git",
                "reference": "7da63f377521f46a05dd47f3999e64d8accda400"
            },
            "dist": {
                "type": "zip",
                "url": "https://api.github.com/repos/koala-framework/kwf-deftjs/zipball/7da63f377521f46a05dd47f3999e64d8accda400",
                "reference": "7da63f377521f46a05dd47f3999e64d8accda400",
                "shasum": ""
            },
            "require": {
                "koala-framework/koala-framework": "dev-master"
            },
            "type": "library",
            "extra": {
                "require-bower": {
                    "deftjs": "deftjs/DeftJS#0.9.1"
                },
                "require-npm": {
                    "coffee-script": "1.7.1"
                }
            },
            "autoload": {
                "psr-0": {
                    "Kwf_DeftJS_": ""
                }
            },
            "notification-url": "https://packagist.org/downloads/",
            "license": [
                "BSD-2-Clause"
            ],
            "description": "DeftJS Integration for Koala Framework",
            "homepage": "http://www.koala-framework.org/",
            "time": "2014-08-07 13:59:27"
        },
        {
            "name": "koala-framework/kwf-densajs",
            "version": "dev-master",
            "source": {
                "type": "git",
                "url": "https://github.com/koala-framework/kwf-densajs.git",
                "reference": "29b1b09a82d78e01a30d0696f2e5798672604b39"
            },
            "dist": {
                "type": "zip",
                "url": "https://api.github.com/repos/koala-framework/kwf-densajs/zipball/29b1b09a82d78e01a30d0696f2e5798672604b39",
                "reference": "29b1b09a82d78e01a30d0696f2e5798672604b39",
                "shasum": ""
            },
            "require": {
                "koala-framework/koala-framework": "dev-master"
            },
            "type": "library",
            "extra": {
                "require-bower": {
                    "densajs": "master"
                }
            },
            "autoload": {
                "psr-0": {
                    "Kwf_Densa_": ""
                }
            },
            "notification-url": "https://packagist.org/downloads/",
            "license": [
                "BSD-2-Clause"
            ],
            "description": "DensaJS Integration for Koala Framework",
            "homepage": "http://www.koala-framework.org/",
            "time": "2014-08-05 13:08:07"
        },
        {
            "name": "koala-framework/kwf-extjs",
            "version": "dev-master",
            "source": {
                "type": "git",
                "url": "https://github.com/koala-framework/kwf-extjs.git",
                "reference": "5eb15532261e1cedf87db58d02dd83e62c8a100b"
            },
            "dist": {
                "type": "zip",
                "url": "https://api.github.com/repos/koala-framework/kwf-extjs/zipball/5eb15532261e1cedf87db58d02dd83e62c8a100b",
                "reference": "5eb15532261e1cedf87db58d02dd83e62c8a100b",
                "shasum": ""
            },
            "require": {
                "koala-framework/koala-framework": "dev-master"
            },
            "require-dev": {
                "phpunit/phpunit": "3.7.*"
            },
            "type": "library",
            "extra": {
                "require-bower": {
                    "extjs": "4.2.1-883"
                },
                "require-dev-bower": {
                    "qunit": "1.14.0",
                    "qunit-phantomjs-runner": "jonkemp/qunit-phantomjs-runner#1.2.0"
                }
            },
            "autoload": {
                "psr-0": {
                    "Kwf_Ext_": ""
                }
            },
            "notification-url": "https://packagist.org/downloads/",
            "license": [
                "BSD-2-Clause"
            ],
            "description": "ExtJS Integration for Koala Framework",
            "homepage": "http://www.koala-framework.org/",
            "time": "2014-08-07 13:51:43"
        },
        {
            "name": "koala-framework/kwf-modernizr",
            "version": "dev-master",
            "source": {
                "type": "git",
                "url": "https://github.com/koala-framework/kwf-modernizr.git",
                "reference": "5c373a12b1ef4112cb6ba2f5eb887f18f821e939"
            },
            "dist": {
                "type": "zip",
                "url": "https://api.github.com/repos/koala-framework/kwf-modernizr/zipball/5c373a12b1ef4112cb6ba2f5eb887f18f821e939",
                "reference": "5c373a12b1ef4112cb6ba2f5eb887f18f821e939",
                "shasum": ""
            },
            "require": {
                "koala-framework/composer-extra-assets": "dev-master",
                "koala-framework/koala-framework": "dev-master"
            },
            "require-dev": {
                "phpunit/phpunit": "3.7.*"
            },
            "type": "library",
            "extra": {
                "require-npm": {
                    "grunt": "0.4.*",
                    "grunt-cli": "0.1.*",
                    "grunt-modernizr": "0.5.2"
                }
            },
            "autoload": {
                "psr-0": {
                    "Kwf_Modernizr_": ""
                }
            },
            "notification-url": "https://packagist.org/downloads/",
            "license": [
                "BSD-2-Clause"
            ],
            "description": "Modernizr Integration for Koala Framework",
            "homepage": "http://www.koala-framework.org/",
            "time": "2014-08-06 08:55:33"
        },
        {
            "name": "koala-framework/library-css3pie",
            "version": "v1.0.0",
            "source": {
                "type": "git",
                "url": "https://github.com/koala-framework/library-css3pie.git",
                "reference": "b2a7b69fa381065f4d1b90d03620c05bc5b4670f"
            },
            "dist": {
                "type": "zip",
                "url": "https://api.github.com/repos/koala-framework/library-css3pie/zipball/b2a7b69fa381065f4d1b90d03620c05bc5b4670f",
                "reference": "b2a7b69fa381065f4d1b90d03620c05bc5b4670f",
                "shasum": ""
            },
            "type": "library",
            "notification-url": "https://packagist.org/downloads/",
            "license": [
                "Apache-2.0"
            ],
            "description": "CCSS3 PIE JavaScript Library",
            "homepage": "http://css3pie.com/",
            "time": "2014-06-03 18:55:48"
        },
        {
            "name": "koala-framework/library-deftjs",
            "version": "v0.9.1",
            "source": {
                "type": "git",
                "url": "https://github.com/koala-framework/library-deftjs.git",
                "reference": "db32e7804033699b3caf2942aee7a5f57b2293be"
            },
            "dist": {
                "type": "zip",
                "url": "https://api.github.com/repos/koala-framework/library-deftjs/zipball/db32e7804033699b3caf2942aee7a5f57b2293be",
                "reference": "db32e7804033699b3caf2942aee7a5f57b2293be",
                "shasum": ""
            },
            "require": {
                "koala-framework/library-extjs": "4.2.*"
            },
            "type": "library",
            "notification-url": "https://packagist.org/downloads/",
            "license": [
                "MIT"
            ],
            "description": "Extensions for Large-Scale Sencha Touch and Ext JS Applications",
            "homepage": "http://deftjs.org/",
            "time": "2014-06-23 12:50:59"
        },
        {
            "name": "koala-framework/library-extjs",
            "version": "v4.2.1.883",
            "source": {
                "type": "git",
                "url": "https://github.com/koala-framework/library-extjs.git",
                "reference": "2ef82d5c9a3460cdbcdcf640103545a40e489066"
            },
            "dist": {
                "type": "zip",
                "url": "https://api.github.com/repos/koala-framework/library-extjs/zipball/2ef82d5c9a3460cdbcdcf640103545a40e489066",
                "reference": "2ef82d5c9a3460cdbcdcf640103545a40e489066",
                "shasum": ""
            },
            "type": "library",
            "notification-url": "https://packagist.org/downloads/",
            "license": [
                "GPL"
            ],
            "description": "ExtJS JavaScript Library",
            "homepage": "http://www.sencha.com/products/extjs/",
            "time": "2014-05-28 14:58:49"
        },
        {
            "name": "koala-framework/library-htmlawed",
            "version": "v1.1.14",
            "source": {
                "type": "git",
                "url": "https://github.com/koala-framework/library-htmlawed.git",
                "reference": "bc23ceaea4bc740a5a9e47c982cb054546baa2c3"
            },
            "dist": {
                "type": "zip",
                "url": "https://api.github.com/repos/koala-framework/library-htmlawed/zipball/bc23ceaea4bc740a5a9e47c982cb054546baa2c3",
                "reference": "bc23ceaea4bc740a5a9e47c982cb054546baa2c3",
                "shasum": ""
            },
            "type": "library",
            "notification-url": "https://packagist.org/downloads/",
            "license": [
                "LGPL-3.0"
            ],
            "description": "Htmlawed library",
            "homepage": "http://www.bioinformatics.org/phplabware/internal_utilities/htmLawed/",
            "time": "2014-06-02 06:11:36"
        },
        {
            "name": "koala-framework/library-silkicons",
            "version": "v1.3",
            "source": {
                "type": "git",
                "url": "https://github.com/koala-framework/library-silkicons.git",
                "reference": "f7fee072786fc330bdbaf69d2fbf036f39eb53fa"
            },
            "dist": {
                "type": "zip",
                "url": "https://api.github.com/repos/koala-framework/library-silkicons/zipball/f7fee072786fc330bdbaf69d2fbf036f39eb53fa",
                "reference": "f7fee072786fc330bdbaf69d2fbf036f39eb53fa",
                "shasum": ""
            },
            "type": "library",
            "notification-url": "https://packagist.org/downloads/",
            "license": [
                "Creative Commons Attribution 2.5 License"
            ],
            "authors": [
                {
                    "name": "Mark James",
                    "homepage": "http://www.famfamfam.com/"
                }
            ],
            "description": "This is the Famfamfam silk icon set, wrapped into an easy to use PHP composer package.",
            "homepage": "http://www.famfamfam.com/",
            "keywords": [
                "famfamfam",
                "icons",
                "silk"
            ],
            "time": "2014-05-23 13:40:04"
        },
        {
            "name": "koala-framework/library-swfobject",
            "version": "v2.2",
            "source": {
                "type": "git",
                "url": "https://github.com/koala-framework/library-swfobject.git",
                "reference": "c926af6c1b7448aa48724891c57ef62206a67e45"
            },
            "dist": {
                "type": "zip",
                "url": "https://api.github.com/repos/koala-framework/library-swfobject/zipball/c926af6c1b7448aa48724891c57ef62206a67e45",
                "reference": "c926af6c1b7448aa48724891c57ef62206a67e45",
                "shasum": ""
            },
            "type": "library",
            "notification-url": "https://packagist.org/downloads/",
            "license": [
                "MIT"
            ],
            "description": "SWFObject JavaScript Library",
            "homepage": "https://github.com/swfobject/swfobject",
            "time": "2014-05-23 13:40:50"
        },
        {
            "name": "koala-framework/library-swfupload",
            "version": "v2.2.0.1",
            "source": {
                "type": "git",
                "url": "https://github.com/koala-framework/library-swfupload.git",
                "reference": "7eb7c5c2a7a0d7144c2acd35131367c8fcb6683c"
            },
            "dist": {
                "type": "zip",
                "url": "https://api.github.com/repos/koala-framework/library-swfupload/zipball/7eb7c5c2a7a0d7144c2acd35131367c8fcb6683c",
                "reference": "7eb7c5c2a7a0d7144c2acd35131367c8fcb6683c",
                "shasum": ""
            },
            "require": {
                "koala-framework/library-swfobject": "2.2"
            },
            "type": "library",
            "notification-url": "https://packagist.org/downloads/",
            "license": [
                "MIT"
            ],
            "description": "SWFUpload JavaScript Library",
            "homepage": "http://code.google.com/p/swfupload/",
            "time": "2014-06-02 08:22:41"
        },
        {
            "name": "koala-framework/zendframework1",
            "version": "v1.12.6",
            "source": {
                "type": "git",
                "url": "https://github.com/koala-framework/zendframework1.git",
                "reference": "40d972455b35fedc2c952b3f4ec82357db9cae74"
            },
            "dist": {
                "type": "zip",
                "url": "https://api.github.com/repos/koala-framework/zendframework1/zipball/40d972455b35fedc2c952b3f4ec82357db9cae74",
                "reference": "40d972455b35fedc2c952b3f4ec82357db9cae74",
                "shasum": ""
            },
            "require": {
                "php": ">=5.2.11"
            },
            "type": "library",
            "extra": {
                "branch-alias": {
                    "dev-master": "1.12.x-dev"
                }
            },
            "autoload": {
                "psr-0": {
                    "Zend_": "library/"
                }
            },
            "notification-url": "https://packagist.org/downloads/",
            "include-path": [
                "library/"
            ],
            "license": [
                "BSD-3-Clause"
            ],
            "description": "Zend Framework 1",
            "homepage": "http://framework.zend.com/",
            "keywords": [
                "ZF1",
                "framework"
            ],
            "time": "2014-08-04 15:45:29"
        }
    ],
    "packages-dev": [],
    "aliases": [],
    "minimum-stability": "dev",
    "stability-flags": {
        "koala-framework/koala-framework": 20,
        "koala-framework/kwf-extjs": 20,
        "koala-framework/kwf-deftjs": 20,
        "koala-framework/kwf-densajs": 20,
        "koala-framework/densajs": 20
    },
    "prefer-stable": true,
    "platform": [],
    "platform-dev": []
}
